
Microsoft Visual Studio Solution File, Format Version 12.00
# Visual Studio Version 17
VisualStudioVersion = 17.5.002.0
MinimumVisualStudioVersion = 10.0.40219.1
Project("{9A19103F-16F7-4668-BE54-9A1E7A4F7556}") = "option1", "option1\option1.csproj", "{681CEC06-F7F5-4A9D-9EA6-4E6D7D949B51}"
EndProject
Global
	GlobalSection(SolutionConfigurationPlatforms) = preSolution
		Debug|Any CPU = Debug|Any CPU
		Release|Any CPU = Release|Any CPU
	EndGlobalSection
	GlobalSection(ProjectConfigurationPlatforms) = postSolution
		{681CEC06-F7F5-4A9D-9EA6-4E6D7D949B51}.Debug|Any CPU.ActiveCfg = Debug|Any CPU
		{681CEC06-F7F5-4A9D-9EA6-4E6D7D949B51}.Debug|Any CPU.Build.0 = Debug|Any CPU
		{681CEC06-F7F5-4A9D-9EA6-4E6D7D949B51}.Release|Any CPU.ActiveCfg = Release|Any CPU
		{681CEC06-F7F5-4A9D-9EA6-4E6D7D949B51}.Release|Any CPU.Build.0 = Release|Any CPU
	EndGlobalSection
	GlobalSection(SolutionProperties) = preSolution
		HideSolutionNode = FALSE
	EndGlobalSection
	GlobalSection(NestedProjects) = preSolution
		{681CEC06-F7F5-4A9D-9EA6-4E6D7D949B51} = {4E0071CD-95BE-4796-8F3E-4150F043156A}
	EndGlobalSection
	GlobalSection(ExtensibilityGlobals) = postSolution
		SolutionGuid = {E089E85B-9AFE-47F2-B11E-B618E39E7ACE}
	EndGlobalSection
EndGlobal
